{
  "version": 4,
  "terraform_version": "1.1.2",
  "serial": 14,
  "lineage": "bf2dbc96-a712-ce1c-f48f-fcd4a932e987",
  "outputs": {},
  "resources": [
    {
      "mode": "managed",
      "type": "google_compute_firewall",
      "name": "main",
      "provider": "provider[\"registry.terraform.io/hashicorp/google\"]",
      "instances": [
        {
          "schema_version": 1,
          "attributes": {
            "allow": [
              {
                "ports": [
                  "22"
                ],
                "protocol": "tcp"
              }
            ],
            "creation_timestamp": "2022-01-12T15:57:58.262-08:00",
            "deny": [],
            "description": "",
            "destination_ranges": [],
            "direction": "INGRESS",
            "disabled": false,
            "enable_logging": null,
            "id": "projects/final-task-gcp/global/firewalls/iap-firewall",
            "log_config": [],
            "name": "iap-firewall",
            "network": "https://www.googleapis.com/compute/v1/projects/final-task-gcp/global/networks/python-vpc",
            "priority": 1000,
            "project": "final-task-gcp",
            "self_link": "https://www.googleapis.com/compute/v1/projects/final-task-gcp/global/firewalls/iap-firewall",
            "source_ranges": [
              "35.235.240.0/20"
            ],
            "source_service_accounts": null,
            "source_tags": null,
            "target_service_accounts": null,
            "target_tags": null,
            "timeouts": null
          },
          "sensitive_attributes": [],
          "private": "eyJlMmJmYjczMC1lY2FhLTExZTYtOGY4OC0zNDM2M2JjN2M0YzAiOnsiY3JlYXRlIjoyNDAwMDAwMDAwMDAsImRlbGV0ZSI6MjQwMDAwMDAwMDAwLCJ1cGRhdGUiOjI0MDAwMDAwMDAwMH0sInNjaGVtYV92ZXJzaW9uIjoiMSJ9",
          "dependencies": [
            "google_compute_network.main"
          ]
        }
      ]
    },
    {
      "mode": "managed",
      "type": "google_compute_instance",
      "name": "private-vm",
      "provider": "provider[\"registry.terraform.io/hashicorp/google\"]",
      "instances": [
        {
          "schema_version": 6,
          "attributes": {
            "advanced_machine_features": [],
            "allow_stopping_for_update": null,
            "attached_disk": [],
            "boot_disk": [
              {
                "auto_delete": true,
                "device_name": "persistent-disk-0",
                "disk_encryption_key_raw": "",
                "disk_encryption_key_sha256": "",
                "initialize_params": [
                  {
                    "image": "https://www.googleapis.com/compute/v1/projects/debian-cloud/global/images/debian-9-stretch-v20211209",
                    "labels": {},
                    "size": 10,
                    "type": "pd-balanced"
                  }
                ],
                "kms_key_self_link": "",
                "mode": "READ_WRITE",
                "source": "https://www.googleapis.com/compute/v1/projects/final-task-gcp/zones/europe-west1-b/disks/private-vm"
              }
            ],
            "can_ip_forward": false,
            "confidential_instance_config": [],
            "cpu_platform": "Intel Broadwell",
            "current_status": "RUNNING",
            "deletion_protection": false,
            "description": "",
            "desired_status": null,
            "enable_display": false,
            "guest_accelerator": [],
            "hostname": "",
            "id": "projects/final-task-gcp/zones/europe-west1-b/instances/private-vm",
            "instance_id": "8324811091573134798",
            "label_fingerprint": "42WmSpB8rSM=",
            "labels": null,
            "machine_type": "e2-micro",
            "metadata": null,
            "metadata_fingerprint": "EyT_9qL_6zA=",
            "metadata_startup_script": null,
            "min_cpu_platform": "",
            "name": "private-vm",
            "network_interface": [
              {
                "access_config": [],
                "alias_ip_range": [],
                "ipv6_access_config": [],
                "ipv6_access_type": "",
                "name": "nic0",
                "network": "https://www.googleapis.com/compute/v1/projects/final-task-gcp/global/networks/python-vpc",
                "network_ip": "10.1.0.2",
                "nic_type": "",
                "queue_count": 0,
                "stack_type": "IPV4_ONLY",
                "subnetwork": "https://www.googleapis.com/compute/v1/projects/final-task-gcp/regions/europe-west1/subnetworks/management-subnet",
                "subnetwork_project": "final-task-gcp"
              }
            ],
            "project": "final-task-gcp",
            "reservation_affinity": [],
            "resource_policies": null,
            "scheduling": [
              {
                "automatic_restart": true,
                "min_node_cpus": 0,
                "node_affinities": [],
                "on_host_maintenance": "MIGRATE",
                "preemptible": false
              }
            ],
            "scratch_disk": [],
            "self_link": "https://www.googleapis.com/compute/v1/projects/final-task-gcp/zones/europe-west1-b/instances/private-vm",
            "service_account": [
              {
                "email": "vm-account@final-task-gcp.iam.gserviceaccount.com",
                "scopes": [
                  "https://www.googleapis.com/auth/cloud-platform"
                ]
              }
            ],
            "shielded_instance_config": [],
            "tags": null,
            "tags_fingerprint": "42WmSpB8rSM=",
            "timeouts": null,
            "zone": "europe-west1-b"
          },
          "sensitive_attributes": [],
          "private": "eyJlMmJmYjczMC1lY2FhLTExZTYtOGY4OC0zNDM2M2JjN2M0YzAiOnsiY3JlYXRlIjoxMjAwMDAwMDAwMDAwLCJkZWxldGUiOjEyMDAwMDAwMDAwMDAsInVwZGF0ZSI6MTIwMDAwMDAwMDAwMH0sInNjaGVtYV92ZXJzaW9uIjoiNiJ9",
          "dependencies": [
            "google_compute_network.main",
            "google_compute_subnetwork.subnet1",
            "google_service_account.main-acc"
          ]
        }
      ]
    },
    {
      "mode": "managed",
      "type": "google_compute_network",
      "name": "main",
      "provider": "provider[\"registry.terraform.io/hashicorp/google\"]",
      "instances": [
        {
          "schema_version": 0,
          "attributes": {
            "auto_create_subnetworks": false,
            "delete_default_routes_on_create": false,
            "description": "",
            "gateway_ipv4": "",
            "id": "projects/final-task-gcp/global/networks/python-vpc",
            "mtu": 0,
            "name": "python-vpc",
            "project": "final-task-gcp",
            "routing_mode": "REGIONAL",
            "self_link": "https://www.googleapis.com/compute/v1/projects/final-task-gcp/global/networks/python-vpc",
            "timeouts": null
          },
          "sensitive_attributes": [],
          "private": "eyJlMmJmYjczMC1lY2FhLTExZTYtOGY4OC0zNDM2M2JjN2M0YzAiOnsiY3JlYXRlIjoyNDAwMDAwMDAwMDAsImRlbGV0ZSI6MjQwMDAwMDAwMDAwLCJ1cGRhdGUiOjI0MDAwMDAwMDAwMH19"
        }
      ]
    },
    {
      "mode": "managed",
      "type": "google_compute_router",
      "name": "router",
      "provider": "provider[\"registry.terraform.io/hashicorp/google\"]",
      "instances": [
        {
          "schema_version": 0,
          "attributes": {
            "bgp": [
              {
                "advertise_mode": "DEFAULT",
                "advertised_groups": null,
                "advertised_ip_ranges": [],
                "asn": 64514
              }
            ],
            "creation_timestamp": "2022-01-12T15:58:25.115-08:00",
            "description": "",
            "encrypted_interconnect_router": false,
            "id": "projects/final-task-gcp/regions/europe-west1/routers/my-router",
            "name": "my-router",
            "network": "https://www.googleapis.com/compute/v1/projects/final-task-gcp/global/networks/python-vpc",
            "project": "final-task-gcp",
            "region": "europe-west1",
            "self_link": "https://www.googleapis.com/compute/v1/projects/final-task-gcp/regions/europe-west1/routers/my-router",
            "timeouts": null
          },
          "sensitive_attributes": [],
          "private": "eyJlMmJmYjczMC1lY2FhLTExZTYtOGY4OC0zNDM2M2JjN2M0YzAiOnsiY3JlYXRlIjoyNDAwMDAwMDAwMDAsImRlbGV0ZSI6MjQwMDAwMDAwMDAwLCJ1cGRhdGUiOjI0MDAwMDAwMDAwMH19",
          "dependencies": [
            "google_compute_network.main",
            "google_compute_subnetwork.subnet1"
          ]
        }
      ]
    },
    {
      "mode": "managed",
      "type": "google_compute_router_nat",
      "name": "nat",
      "provider": "provider[\"registry.terraform.io/hashicorp/google\"]",
      "instances": [
        {
          "schema_version": 0,
          "attributes": {
            "drain_nat_ips": null,
            "enable_endpoint_independent_mapping": true,
            "icmp_idle_timeout_sec": 30,
            "id": "final-task-gcp/europe-west1/my-router/my-router-nat",
            "log_config": [
              {
                "enable": true,
                "filter": "ERRORS_ONLY"
              }
            ],
            "min_ports_per_vm": 0,
            "name": "my-router-nat",
            "nat_ip_allocate_option": "AUTO_ONLY",
            "nat_ips": null,
            "project": "final-task-gcp",
            "region": "europe-west1",
            "router": "my-router",
            "source_subnetwork_ip_ranges_to_nat": "LIST_OF_SUBNETWORKS",
            "subnetwork": [
              {
                "name": "projects/final-task-gcp/regions/europe-west1/subnetworks/management-subnet",
                "secondary_ip_range_names": [],
                "source_ip_ranges_to_nat": [
                  "ALL_IP_RANGES"
                ]
              }
            ],
            "tcp_established_idle_timeout_sec": 1200,
            "tcp_transitory_idle_timeout_sec": 30,
            "timeouts": null,
            "udp_idle_timeout_sec": 30
          },
          "sensitive_attributes": [],
          "private": "eyJlMmJmYjczMC1lY2FhLTExZTYtOGY4OC0zNDM2M2JjN2M0YzAiOnsiY3JlYXRlIjo2MDAwMDAwMDAwMDAsImRlbGV0ZSI6NjAwMDAwMDAwMDAwLCJ1cGRhdGUiOjYwMDAwMDAwMDAwMH19",
          "dependencies": [
            "google_compute_network.main",
            "google_compute_router.router",
            "google_compute_subnetwork.subnet1"
          ]
        }
      ]
    },
    {
      "mode": "managed",
      "type": "google_compute_subnetwork",
      "name": "subnet1",
      "provider": "provider[\"registry.terraform.io/hashicorp/google\"]",
      "instances": [
        {
          "schema_version": 0,
          "attributes": {
            "creation_timestamp": "2022-01-12T15:58:00.433-08:00",
            "description": "",
            "external_ipv6_prefix": "",
            "fingerprint": null,
            "gateway_address": "10.1.0.1",
            "id": "projects/final-task-gcp/regions/europe-west1/subnetworks/management-subnet",
            "ip_cidr_range": "10.1.0.0/16",
            "ipv6_access_type": "",
            "ipv6_cidr_range": "",
            "log_config": [],
            "name": "management-subnet",
            "network": "https://www.googleapis.com/compute/v1/projects/final-task-gcp/global/networks/python-vpc",
            "private_ip_google_access": false,
            "private_ipv6_google_access": "DISABLE_GOOGLE_ACCESS",
            "project": "final-task-gcp",
            "purpose": "PRIVATE",
            "region": "europe-west1",
            "role": "",
            "secondary_ip_range": [],
            "self_link": "https://www.googleapis.com/compute/v1/projects/final-task-gcp/regions/europe-west1/subnetworks/management-subnet",
            "stack_type": "IPV4_ONLY",
            "timeouts": null
          },
          "sensitive_attributes": [],
          "private": "eyJlMmJmYjczMC1lY2FhLTExZTYtOGY4OC0zNDM2M2JjN2M0YzAiOnsiY3JlYXRlIjozNjAwMDAwMDAwMDAsImRlbGV0ZSI6MzYwMDAwMDAwMDAwLCJ1cGRhdGUiOjM2MDAwMDAwMDAwMH19",
          "dependencies": [
            "google_compute_network.main"
          ]
        }
      ]
    },
    {
      "mode": "managed",
      "type": "google_compute_subnetwork",
      "name": "subnet2",
      "provider": "provider[\"registry.terraform.io/hashicorp/google\"]",
      "instances": [
        {
          "schema_version": 0,
          "attributes": {
            "creation_timestamp": "2022-01-12T15:58:00.065-08:00",
            "description": "",
            "external_ipv6_prefix": "",
            "fingerprint": null,
            "gateway_address": "10.2.0.1",
            "id": "projects/final-task-gcp/regions/europe-west1/subnetworks/restricted-subnet",
            "ip_cidr_range": "10.2.0.0/16",
            "ipv6_access_type": "",
            "ipv6_cidr_range": "",
            "log_config": [],
            "name": "restricted-subnet",
            "network": "https://www.googleapis.com/compute/v1/projects/final-task-gcp/global/networks/python-vpc",
            "private_ip_google_access": false,
            "private_ipv6_google_access": "DISABLE_GOOGLE_ACCESS",
            "project": "final-task-gcp",
            "purpose": "PRIVATE",
            "region": "europe-west1",
            "role": "",
            "secondary_ip_range": [],
            "self_link": "https://www.googleapis.com/compute/v1/projects/final-task-gcp/regions/europe-west1/subnetworks/restricted-subnet",
            "stack_type": "IPV4_ONLY",
            "timeouts": null
          },
          "sensitive_attributes": [],
          "private": "eyJlMmJmYjczMC1lY2FhLTExZTYtOGY4OC0zNDM2M2JjN2M0YzAiOnsiY3JlYXRlIjozNjAwMDAwMDAwMDAsImRlbGV0ZSI6MzYwMDAwMDAwMDAwLCJ1cGRhdGUiOjM2MDAwMDAwMDAwMH19",
          "dependencies": [
            "google_compute_network.main"
          ]
        }
      ]
    },
    {
      "mode": "managed",
      "type": "google_container_cluster",
      "name": "cluster-1",
      "provider": "provider[\"registry.terraform.io/hashicorp/google\"]",
      "instances": [
        {
          "schema_version": 1,
          "attributes": {
            "addons_config": [
              {
                "cloudrun_config": [],
                "horizontal_pod_autoscaling": [],
                "http_load_balancing": [],
                "network_policy_config": [
                  {
                    "disabled": true
                  }
                ]
              }
            ],
            "authenticator_groups_config": [],
            "cluster_autoscaling": [
              {
                "auto_provisioning_defaults": [],
                "enabled": false,
                "resource_limits": []
              }
            ],
            "cluster_ipv4_cidr": "10.91.192.0/21",
            "confidential_nodes": [],
            "database_encryption": [
              {
                "key_name": "",
                "state": "DECRYPTED"
              }
            ],
            "datapath_provider": "",
            "default_max_pods_per_node": 110,
            "default_snat_status": [
              {
                "disabled": false
              }
            ],
            "description": "",
            "enable_autopilot": false,
            "enable_binary_authorization": false,
            "enable_intranode_visibility": false,
            "enable_kubernetes_alpha": false,
            "enable_legacy_abac": false,
            "enable_shielded_nodes": true,
            "enable_tpu": false,
            "endpoint": "172.16.0.2",
            "id": "projects/final-task-gcp/locations/europe-west1/clusters/cluster-1",
            "initial_node_count": 1,
            "ip_allocation_policy": [
              {
                "cluster_ipv4_cidr_block": "10.91.192.0/21",
                "cluster_secondary_range_name": "gke-cluster-1-pods-c362c575",
                "services_ipv4_cidr_block": "10.91.200.0/21",
                "services_secondary_range_name": "gke-cluster-1-services-c362c575"
              }
            ],
            "label_fingerprint": "a9dc16a7",
            "location": "europe-west1",
            "logging_config": [
              {
                "enable_components": [
                  "SYSTEM_COMPONENTS",
                  "WORKLOADS"
                ]
              }
            ],
            "logging_service": "logging.googleapis.com/kubernetes",
            "maintenance_policy": [],
            "master_auth": [
              {
                "client_certificate": "",
                "client_certificate_config": [
                  {
                    "issue_client_certificate": false
                  }
                ],
                "client_key": "",
                "cluster_ca_certificate": "LS0tLS1CRUdJTiBDRVJUSUZJQ0FURS0tLS0tCk1JSUVMRENDQXBTZ0F3SUJBZ0lRYUg2ZUtBSGJOdHJXZGZpbEVickdvVEFOQmdrcWhraUc5dzBCQVFzRkFEQXYKTVMwd0t3WURWUVFERXlReU56QTJOR0ZpTVMwNE9XTXhMVFJoWXprdFlqY3pNeTB6TUdWaE5HSXpOakZtT0RBdwpJQmNOTWpJd01URXlNakkxT0RJM1doZ1BNakExTWpBeE1EVXlNelU0TWpkYU1DOHhMVEFyQmdOVkJBTVRKREkzCk1EWTBZV0l4TFRnNVl6RXROR0ZqT1MxaU56TXpMVE13WldFMFlqTTJNV1k0TURDQ0FhSXdEUVlKS29aSWh2Y04KQVFFQkJRQURnZ0dQQURDQ0FZb0NnZ0dCQUwzREIva29nOU5rUFpodmVXdVQ2WEhZS2hGWEFrL2VQYzNad2dIZQoyYk9IbCtqQWhvUllockFKdXhYZ3FSL3BzaC8zVDd6d01NSUY1QzV6NmVYZzFhY3R2YWU1ckdsb2J1Uzh6dkljCkRRQVlJODl5U2lVVDRWWnF6dndieWZUTjdxVUVueFpjdkdOOHpQdHhRZmhHTGhMY2tIczFTaEZDNXZ3UjJYbm0KclJ5YUlRVFB2YzBOeG1PNjVUT0Y1eFR0eUNETkNuaHpLT290WFdCdStjNEROQVJNZG4wZUpMTWpZMWFob2hHcwpuemg3Y25PL1c3alhTZEVuYTlWK0Y5REhGZFplVkovdWpjUkJiRndkUEV3eHQ1aUcrNVhOMHJ1aGJ6UXlwdXNtClp5alhmYkJNdHE2Y0JXemJEZVMwQk0yUFhhdTdYajcvYUFkUFE1ZlpEYmIyck45V0pJK0VGYlJtMHhDOC9VYlEKa2U3NTJmaytUQi9HWCtwVUprbmNEQVdMSzl5bEpINmhKUENIWFBwVFYxN2F3cjdqSUx6ZEVYaGlrdEdEeWxuMApYblNrbHhqaDFnUWVjRkszR0FTYUNKRjB4Q2JCUFluTHVUaWs4bzdiZk9RLzRnLy9QUjJJZlQ1cWVuMnJFQTRPClFNdVZWM3NsZ1VJS2xzZ1JoZHliekNKbkN3SURBUUFCbzBJd1FEQU9CZ05WSFE4QkFmOEVCQU1DQWdRd0R3WUQKVlIwVEFRSC9CQVV3QXdFQi96QWRCZ05WSFE0RUZnUVUzMFp3NTJ5UStQdjBycGdyV1JYYTg4dFZueDB3RFFZSgpLb1pJaHZjTkFRRUxCUUFEZ2dHQkFGaTh0b3NiQUVxaWRDalAvNmhXb2RkNDM1OEtDLzNLbCtaaGlXK3NrWFVoCm1KUngwMmlWMmRvYWlMYUt4OGdZcVRnQTIvaU9GMFRWRHd4SkpaL1p5eFVacmovUnZxNktZNkRvL3ZqQVd2OU4KekY1bE5QamJtVzNvWUN6QlRESUNoSXo0SXlpb3V4YlMvZmh1cTk2MmJGdWRDLzFYV082eXNVYW9uc3dPRCs1cgpaOWF3V2tseGxzcUN6L0F6SXBNVE5sVVVIbFFlcXBoQ2lpRVRiNVhPN1hGeXQ2VmM0aVRrVWNaaDdRa0pYMXVCCjAvcis3YlFXSm5IQkpmcnI5d0FLZGNaamQwNXNsdGV4S0ovZmQveDBUeGpqcklYWDNmb0cwODExYUZNOCtybUMKbmxtNEhEYjdIc3l2QVo3TitqUnI0bitTa0xIVW1VTHJES2pqMGJlTjhEbEVtRFFZd3MyNFVxTXNUVXZFUDlrSwpoRFRoNUZuM0cwZndMdERUY1RsekFzRkhlZzI1cFExbk1leTVwbE5GYmgwV1Y4V3NJaTRFNkFhUWJwVWRwb294CkFyOUttRWNBNTlBbUt0M2s5STJPY0ZQaXBadEkwQVRYc1lqUDZCY1VuMFlFVFplcnZBanhoSGptYW9aUXZDdG0KbUl6Ui9zTWwybmJnb0cvK3loOWl5dz09Ci0tLS0tRU5EIENFUlRJRklDQVRFLS0tLS0K"
              }
            ],
            "master_authorized_networks_config": [
              {
                "cidr_blocks": [
                  {
                    "cidr_block": "10.1.0.0/16",
                    "display_name": ""
                  }
                ]
              }
            ],
            "master_version": "1.21.5-gke.1302",
            "min_master_version": null,
            "monitoring_config": [
              {
                "enable_components": [
                  "SYSTEM_COMPONENTS"
                ]
              }
            ],
            "monitoring_service": "monitoring.googleapis.com/kubernetes",
            "name": "cluster-1",
            "network": "projects/final-task-gcp/global/networks/python-vpc",
            "network_policy": [
              {
                "enabled": false,
                "provider": "PROVIDER_UNSPECIFIED"
              }
            ],
            "networking_mode": "VPC_NATIVE",
            "node_config": [],
            "node_locations": [
              "europe-west1-b",
              "europe-west1-c",
              "europe-west1-d"
            ],
            "node_pool": [],
            "node_version": "1.21.5-gke.1302",
            "operation": null,
            "private_cluster_config": [
              {
                "enable_private_endpoint": true,
                "enable_private_nodes": true,
                "master_global_access_config": [
                  {
                    "enabled": false
                  }
                ],
                "master_ipv4_cidr_block": "172.16.0.0/28",
                "peering_name": "gke-n1fa6ef6108fddf26503-cb3e-d161-peer",
                "private_endpoint": "172.16.0.2",
                "public_endpoint": "35.240.11.153"
              }
            ],
            "private_ipv6_google_access": "",
            "project": "final-task-gcp",
            "release_channel": [
              {
                "channel": "REGULAR"
              }
            ],
            "remove_default_node_pool": true,
            "resource_labels": null,
            "resource_usage_export_config": [],
            "self_link": "https://container.googleapis.com/v1/projects/final-task-gcp/locations/europe-west1/clusters/cluster-1",
            "services_ipv4_cidr": "10.91.200.0/21",
            "subnetwork": "projects/final-task-gcp/regions/europe-west1/subnetworks/restricted-subnet",
            "timeouts": null,
            "tpu_ipv4_cidr_block": "",
            "vertical_pod_autoscaling": [],
            "workload_identity_config": []
          },
          "sensitive_attributes": [],
          "private": "eyJlMmJmYjczMC1lY2FhLTExZTYtOGY4OC0zNDM2M2JjN2M0YzAiOnsiY3JlYXRlIjoyNDAwMDAwMDAwMDAwLCJkZWxldGUiOjI0MDAwMDAwMDAwMDAsInJlYWQiOjI0MDAwMDAwMDAwMDAsInVwZGF0ZSI6MzYwMDAwMDAwMDAwMH0sInNjaGVtYV92ZXJzaW9uIjoiMSJ9",
          "dependencies": [
            "google_compute_network.main",
            "google_compute_subnetwork.subnet2"
          ]
        }
      ]
    },
    {
      "mode": "managed",
      "type": "google_container_node_pool",
      "name": "cluster-nodes",
      "provider": "provider[\"registry.terraform.io/hashicorp/google\"]",
      "instances": [
        {
          "schema_version": 1,
          "attributes": {
            "autoscaling": [],
            "cluster": "cluster-1",
            "id": "projects/final-task-gcp/locations/europe-west1/clusters/cluster-1/nodePools/worker-node",
            "initial_node_count": 1,
            "instance_group_urls": [
              "https://www.googleapis.com/compute/v1/projects/final-task-gcp/zones/europe-west1-c/instanceGroupManagers/gke-cluster-1-worker-node-b8657b22-grp",
              "https://www.googleapis.com/compute/v1/projects/final-task-gcp/zones/europe-west1-d/instanceGroupManagers/gke-cluster-1-worker-node-130b25e2-grp",
              "https://www.googleapis.com/compute/v1/projects/final-task-gcp/zones/europe-west1-b/instanceGroupManagers/gke-cluster-1-worker-node-c0c7a7d5-grp"
            ],
            "location": "europe-west1",
            "managed_instance_group_urls": [
              "https://www.googleapis.com/compute/v1/projects/final-task-gcp/zones/europe-west1-c/instanceGroups/gke-cluster-1-worker-node-b8657b22-grp",
              "https://www.googleapis.com/compute/v1/projects/final-task-gcp/zones/europe-west1-d/instanceGroups/gke-cluster-1-worker-node-130b25e2-grp",
              "https://www.googleapis.com/compute/v1/projects/final-task-gcp/zones/europe-west1-b/instanceGroups/gke-cluster-1-worker-node-c0c7a7d5-grp"
            ],
            "management": [
              {
                "auto_repair": true,
                "auto_upgrade": true
              }
            ],
            "max_pods_per_node": 110,
            "name": "worker-node",
            "name_prefix": "",
            "node_config": [
              {
                "boot_disk_kms_key": "",
                "disk_size_gb": 100,
                "disk_type": "pd-standard",
                "gcfs_config": [],
                "guest_accelerator": [],
                "image_type": "COS_CONTAINERD",
                "labels": {},
                "local_ssd_count": 0,
                "machine_type": "e2-micro",
                "metadata": {
                  "disable-legacy-endpoints": "true"
                },
                "min_cpu_platform": "",
                "node_group": "",
                "oauth_scopes": [
                  "https://www.googleapis.com/auth/logging.write",
                  "https://www.googleapis.com/auth/monitoring"
                ],
                "preemptible": false,
                "service_account": "service-acc-id@final-task-gcp.iam.gserviceaccount.com",
                "shielded_instance_config": [
                  {
                    "enable_integrity_monitoring": true,
                    "enable_secure_boot": false
                  }
                ],
                "tags": null,
                "taint": [],
                "workload_metadata_config": []
              }
            ],
            "node_count": 1,
            "node_locations": [
              "europe-west1-b",
              "europe-west1-c",
              "europe-west1-d"
            ],
            "operation": null,
            "project": "final-task-gcp",
            "timeouts": null,
            "upgrade_settings": [
              {
                "max_surge": 1,
                "max_unavailable": 0
              }
            ],
            "version": "1.21.5-gke.1302"
          },
          "sensitive_attributes": [],
          "private": "eyJlMmJmYjczMC1lY2FhLTExZTYtOGY4OC0zNDM2M2JjN2M0YzAiOnsiY3JlYXRlIjoxODAwMDAwMDAwMDAwLCJkZWxldGUiOjE4MDAwMDAwMDAwMDAsInVwZGF0ZSI6MTgwMDAwMDAwMDAwMH0sInNjaGVtYV92ZXJzaW9uIjoiMSJ9",
          "dependencies": [
            "google_compute_network.main",
            "google_compute_subnetwork.subnet2",
            "google_container_cluster.cluster-1",
            "google_service_account.cluster-acc"
          ]
        }
      ]
    },
    {
      "mode": "managed",
      "type": "google_project_iam_binding",
      "name": "cluster-project",
      "provider": "provider[\"registry.terraform.io/hashicorp/google\"]",
      "instances": [
        {
          "schema_version": 0,
          "attributes": {
            "condition": [],
            "etag": "BwXVa1XcXfw=",
            "id": "final-task-gcp/roles/container.admin",
            "members": [
              "serviceAccount:service-acc-id@final-task-gcp.iam.gserviceaccount.com"
            ],
            "project": "final-task-gcp",
            "role": "roles/container.admin"
          },
          "sensitive_attributes": [],
          "private": "bnVsbA==",
          "dependencies": [
            "google_service_account.cluster-acc"
          ]
        }
      ]
    },
    {
      "mode": "managed",
      "type": "google_project_iam_binding",
      "name": "vm-project",
      "provider": "provider[\"registry.terraform.io/hashicorp/google\"]",
      "instances": [
        {
          "schema_version": 0,
          "attributes": {
            "condition": [],
            "etag": "BwXVa1XcXfw=",
            "id": "final-task-gcp/roles/container.admin",
            "members": [
              "serviceAccount:vm-account@final-task-gcp.iam.gserviceaccount.com"
            ],
            "project": "final-task-gcp",
            "role": "roles/container.admin"
          },
          "sensitive_attributes": [],
          "private": "bnVsbA==",
          "dependencies": [
            "google_service_account.main-acc"
          ]
        }
      ]
    },
    {
      "mode": "managed",
      "type": "google_service_account",
      "name": "cluster-acc",
      "provider": "provider[\"registry.terraform.io/hashicorp/google\"]",
      "instances": [
        {
          "schema_version": 0,
          "attributes": {
            "account_id": "service-acc-id",
            "description": "",
            "disabled": false,
            "display_name": "cluster-acc",
            "email": "service-acc-id@final-task-gcp.iam.gserviceaccount.com",
            "id": "projects/final-task-gcp/serviceAccounts/service-acc-id@final-task-gcp.iam.gserviceaccount.com",
            "name": "projects/final-task-gcp/serviceAccounts/service-acc-id@final-task-gcp.iam.gserviceaccount.com",
            "project": "final-task-gcp",
            "timeouts": null,
            "unique_id": "111817474894531224941"
          },
          "sensitive_attributes": [],
          "private": "eyJlMmJmYjczMC1lY2FhLTExZTYtOGY4OC0zNDM2M2JjN2M0YzAiOnsiY3JlYXRlIjozMDAwMDAwMDAwMDB9fQ=="
        }
      ]
    },
    {
      "mode": "managed",
      "type": "google_service_account",
      "name": "main-acc",
      "provider": "provider[\"registry.terraform.io/hashicorp/google\"]",
      "instances": [
        {
          "schema_version": 0,
          "attributes": {
            "account_id": "vm-account",
            "description": "",
            "disabled": false,
            "display_name": "vm-private-acc",
            "email": "vm-account@final-task-gcp.iam.gserviceaccount.com",
            "id": "projects/final-task-gcp/serviceAccounts/vm-account@final-task-gcp.iam.gserviceaccount.com",
            "name": "projects/final-task-gcp/serviceAccounts/vm-account@final-task-gcp.iam.gserviceaccount.com",
            "project": "final-task-gcp",
            "timeouts": null,
            "unique_id": "106808298696101052507"
          },
          "sensitive_attributes": [],
          "private": "eyJlMmJmYjczMC1lY2FhLTExZTYtOGY4OC0zNDM2M2JjN2M0YzAiOnsiY3JlYXRlIjozMDAwMDAwMDAwMDB9fQ=="
        }
      ]
    }
  ]
}
